
Microsoft Visual Studio Solution File, Format Version 12.00
# Visual Studio Version 16
VisualStudioVersion = 16.0.29418.71
MinimumVisualStudioVersion = 10.0.40219.1
Project("{FAE04EC0-301F-11D3-BF4B-00C04F79EFBC}") = "dotNETtask6.2", "dotNETtask6.2\dotNETtask6.2.csproj", "{393852E7-A2D0-4F5A-B16F-F9D465B7C8F8}"
EndProject
Global
	GlobalSection(SolutionConfigurationPlatforms) = preSolution
		Debug|Any CPU = Debug|Any CPU
		Release|Any CPU = Release|Any CPU
	EndGlobalSection
	GlobalSection(ProjectConfigurationPlatforms) = postSolution
		{393852E7-A2D0-4F5A-B16F-F9D465B7C8F8}.Debug|Any CPU.ActiveCfg = Debug|Any CPU
		{393852E7-A2D0-4F5A-B16F-F9D465B7C8F8}.Debug|Any CPU.Build.0 = Debug|Any CPU
		{393852E7-A2D0-4F5A-B16F-F9D465B7C8F8}.Release|Any CPU.ActiveCfg = Release|Any CPU
		{393852E7-A2D0-4F5A-B16F-F9D465B7C8F8}.Release|Any CPU.Build.0 = Release|Any CPU
	EndGlobalSection
	GlobalSection(SolutionProperties) = preSolution
		HideSolutionNode = FALSE
	EndGlobalSection
	GlobalSection(ExtensibilityGlobals) = postSolution
		SolutionGuid = {86186812-1B3D-4376-A993-245D09F3C695}
	EndGlobalSection
EndGlobal
